{
  "lockfile_version": "1",
  "packages": {
    "awscli2@2.25.5": {
      "last_modified": "2025-04-06T11:26:02Z",
      "resolved": "github:NixOS/nixpkgs/74a40410369a1c35ee09b8a1abee6f4acbedc059#awscli2",
      "source": "devbox-search",
      "version": "2.25.5",
      "systems": {
        "aarch64-darwin": {
          "outputs": [
            {
              "name": "out",
              "path": "/nix/store/rd7mfq8k5zms6nb2anzkgjnz3b8k6k8y-awscli2-2.25.5",
              "default": true
            },
            {
              "name": "dist",
              "path": "/nix/store/72572qfdijiczj2mg45csdgvw2r4xsi7-awscli2-2.25.5-dist"
            }
          ],
          "store_path": "/nix/store/rd7mfq8k5zms6nb2anzkgjnz3b8k6k8y-awscli2-2.25.5"
        },
        "aarch64-linux": {
          "outputs": [
            {
              "name": "out",
              "path": "/nix/store/niavn2d3n3yix739lvxppxhqbxkvrd1l-awscli2-2.25.5",
              "default": true
            },
            {
              "name": "dist",
              "path": "/nix/store/v73572iibqll0k5yypx2znzqs3s6wwd9-awscli2-2.25.5-dist"
            }
          ],
          "store_path": "/nix/store/niavn2d3n3yix739lvxppxhqbxkvrd1l-awscli2-2.25.5"
        },
        "x86_64-darwin": {
          "outputs": [
            {
              "name": "out",
              "path": "/nix/store/3mqfwnlrpf3i4hqyv8b8idjapx493gwb-awscli2-2.25.5",
              "default": true
            },
            {
              "name": "dist",
              "path": "/nix/store/h8ynyk2kjwy3fgdlxs5zmlx305d45l3i-awscli2-2.25.5-dist"
            }
          ],
          "store_path": "/nix/store/3mqfwnlrpf3i4hqyv8b8idjapx493gwb-awscli2-2.25.5"
        },
        "x86_64-linux": {
          "outputs": [
            {
              "name": "out",
              "path": "/nix/store/k0bhq29y0gxyzzcg6jk0jk43m7ikq5p4-awscli2-2.25.5",
              "default": true
            },
            {
              "name": "dist",
              "path": "/nix/store/siiq9nvsb0fqfx3qqc2l39dq24akdvzy-awscli2-2.25.5-dist"
            }
          ],
          "store_path": "/nix/store/k0bhq29y0gxyzzcg6jk0jk43m7ikq5p4-awscli2-2.25.5"
        }
      }
    },
    "azure-cli@2.71.0": {
      "last_modified": "2025-04-05T00:48:53Z",
      "resolved": "github:NixOS/nixpkgs/250b695f41e0e2f5afbf15c6b12480de1fe0001b#azure-cli",
      "source": "devbox-search",
      "version": "2.71.0",
      "systems": {
        "aarch64-darwin": {
          "outputs": [
            {
              "name": "out",
              "path": "/nix/store/mrr05agr4rrapkngn634a30lfyc1r43k-python3.12-azure-cli-2.71.0",
              "default": true
            },
            {
              "name": "dist",
              "path": "/nix/store/brd5lf9v9jh5ywv75485cq7gpx9rnbgw-python3.12-azure-cli-2.71.0-dist"
            }
          ],
          "store_path": "/nix/store/mrr05agr4rrapkngn634a30lfyc1r43k-python3.12-azure-cli-2.71.0"
        },
        "aarch64-linux": {
          "outputs": [
            {
              "name": "out",
              "path": "/nix/store/4bnv1yb07msbf0v537npjzx4a58y801a-python3.12-azure-cli-2.71.0",
              "default": true
            },
            {
              "name": "dist",
              "path": "/nix/store/nz60gv3s7k2cmq7fq4gnbh7vqjkipz5y-python3.12-azure-cli-2.71.0-dist"
            }
          ],
          "store_path": "/nix/store/4bnv1yb07msbf0v537npjzx4a58y801a-python3.12-azure-cli-2.71.0"
        },
        "x86_64-darwin": {
          "outputs": [
            {
              "name": "out",
              "path": "/nix/store/ic0jf2hjvpgcahwbjf8xh1z538c4bvyv-python3.12-azure-cli-2.71.0",
              "default": true
            },
            {
              "name": "dist",
              "path": "/nix/store/znqr4vpfvqlh5fac1kl86hryxamzf74q-python3.12-azure-cli-2.71.0-dist"
            }
          ],
          "store_path": "/nix/store/ic0jf2hjvpgcahwbjf8xh1z538c4bvyv-python3.12-azure-cli-2.71.0"
        },
        "x86_64-linux": {
          "outputs": [
            {
              "name": "out",
              "path": "/nix/store/pv8ackl9m0j6yrb98sv11gcf0xr91rrq-python3.12-azure-cli-2.71.0",
              "default": true
            },
            {
              "name": "dist",
              "path": "/nix/store/kwjjd1z3v50pwqifbjjc7z3r8nmq793i-python3.12-azure-cli-2.71.0-dist"
            }
          ],
          "store_path": "/nix/store/pv8ackl9m0j6yrb98sv11gcf0xr91rrq-python3.12-azure-cli-2.71.0"
        }
      }
    },
    "eksctl@0.207.0": {
      "last_modified": "2025-04-07T13:23:10Z",
      "resolved": "github:NixOS/nixpkgs/b0b4b5f8f621bfe213b8b21694bab52ecfcbf30b#eksctl",
      "source": "devbox-search",
      "version": "0.207.0",
      "systems": {
        "aarch64-darwin": {
          "outputs": [
            {
              "name": "out",
              "path": "/nix/store/84x80pzpkl4ls1wm5wm0c250lrwkmfz7-eksctl-0.207.0",
              "default": true
            }
          ],
          "store_path": "/nix/store/84x80pzpkl4ls1wm5wm0c250lrwkmfz7-eksctl-0.207.0"
        },
        "aarch64-linux": {
          "outputs": [
            {
              "name": "out",
              "path": "/nix/store/qzp669ym8629cd6py7pmsfkkprqdy9bk-eksctl-0.207.0",
              "default": true
            }
          ],
          "store_path": "/nix/store/qzp669ym8629cd6py7pmsfkkprqdy9bk-eksctl-0.207.0"
        },
        "x86_64-darwin": {
          "outputs": [
            {
              "name": "out",
              "path": "/nix/store/w69jw4il1mazcif3lqzzhdnassqyc8lv-eksctl-0.207.0",
              "default": true
            }
          ],
          "store_path": "/nix/store/w69jw4il1mazcif3lqzzhdnassqyc8lv-eksctl-0.207.0"
        },
        "x86_64-linux": {
          "outputs": [
            {
              "name": "out",
              "path": "/nix/store/l9h3hz8b3hs3zcp84cbaj88fnnwkbfd6-eksctl-0.207.0",
              "default": true
            }
          ],
          "store_path": "/nix/store/l9h3hz8b3hs3zcp84cbaj88fnnwkbfd6-eksctl-0.207.0"
        }
      }
    },
    "git@2.48.1": {
      "last_modified": "2025-03-11T17:52:14Z",
      "resolved": "github:NixOS/nixpkgs/0d534853a55b5d02a4ababa1d71921ce8f0aee4c#git",
      "source": "devbox-search",
      "version": "2.48.1",
      "systems": {
        "aarch64-darwin": {
          "outputs": [
            {
              "name": "out",
              "path": "/nix/store/b3sci30zzzlj3rzj1y89cijnd6zcwapk-git-2.48.1",
              "default": true
            },
            {
              "name": "doc",
              "path": "/nix/store/086knqdw7fjgzczp0i6nad95s2v6jbya-git-2.48.1-doc"
            }
          ],
          "store_path": "/nix/store/b3sci30zzzlj3rzj1y89cijnd6zcwapk-git-2.48.1"
        },
        "aarch64-linux": {
          "outputs": [
            {
              "name": "out",
              "path": "/nix/store/pck1dr5jxrd5b8nmfasbn13z422jhcfm-git-2.48.1",
              "default": true
            },
            {
              "name": "debug",
              "path": "/nix/store/xqqsvzlilh843rm6knykyng81apapr33-git-2.48.1-debug"
            },
            {
              "name": "doc",
              "path": "/nix/store/485b32ys0s2dvjfisn7405ildmpqvfzk-git-2.48.1-doc"
            }
          ],
          "store_path": "/nix/store/pck1dr5jxrd5b8nmfasbn13z422jhcfm-git-2.48.1"
        },
        "x86_64-darwin": {
          "outputs": [
            {
              "name": "out",
              "path": "/nix/store/9qjzgsf9mvdp6sfd7xyzhgrahl2qhhp6-git-2.48.1",
              "default": true
            },
            {
              "name": "doc",
              "path": "/nix/store/cgv7qa0ix059ma9a0qac0bywfvl3k7k2-git-2.48.1-doc"
            }
          ],
          "store_path": "/nix/store/9qjzgsf9mvdp6sfd7xyzhgrahl2qhhp6-git-2.48.1"
        },
        "x86_64-linux": {
          "outputs": [
            {
              "name": "out",
              "path": "/nix/store/lqx2rv26sdndpa2vyy2vxsahj03km69z-git-2.48.1",
              "default": true
            },
            {
              "name": "doc",
              "path": "/nix/store/hjczhs1dm3hzij7mx5c91rkzqvkb89av-git-2.48.1-doc"
            },
            {
              "name": "debug",
              "path": "/nix/store/bk8xndavdnc2qgyvc6hcc8h29lk9jzqb-git-2.48.1-debug"
            }
          ],
          "store_path": "/nix/store/lqx2rv26sdndpa2vyy2vxsahj03km69z-git-2.48.1"
        }
      }
    },
    "github:NixOS/nixpkgs/nixpkgs-unstable": {
      "last_modified": "2025-04-13T09:22:33Z",
      "resolved": "github:NixOS/nixpkgs/18dd725c29603f582cf1900e0d25f9f1063dbf11?lastModified=1744536153&narHash=sha256-awS2zRgF4uTwrOKwwiJcByDzDOdo3Q1rPZbiHQg%2FN38%3D"
    },
    "google-cloud-sdk@515.0.0": {
      "last_modified": "2025-03-25T17:32:05Z",
      "resolved": "github:NixOS/nixpkgs/25d1b84f5c90632a623c48d83a2faf156451e6b1#google-cloud-sdk",
      "source": "devbox-search",
      "version": "515.0.0",
      "systems": {
        "aarch64-darwin": {
          "outputs": [
            {
              "name": "out",
              "path": "/nix/store/hxczn15kq3sql7ln18f6nh9vx605l52a-google-cloud-sdk-515.0.0",
              "default": true
            }
          ],
          "store_path": "/nix/store/hxczn15kq3sql7ln18f6nh9vx605l52a-google-cloud-sdk-515.0.0"
        },
        "aarch64-linux": {
          "outputs": [
            {
              "name": "out",
              "path": "/nix/store/mn6fdq24272mq2fkvjxzl96gbb2c6wpv-google-cloud-sdk-515.0.0",
              "default": true
            }
          ],
          "store_path": "/nix/store/mn6fdq24272mq2fkvjxzl96gbb2c6wpv-google-cloud-sdk-515.0.0"
        },
        "x86_64-darwin": {
          "outputs": [
            {
              "name": "out",
              "path": "/nix/store/kb6pgs1pmbf0jxxbzzmhjrdbkjqxrqg9-google-cloud-sdk-515.0.0",
              "default": true
            }
          ],
          "store_path": "/nix/store/kb6pgs1pmbf0jxxbzzmhjrdbkjqxrqg9-google-cloud-sdk-515.0.0"
        },
        "x86_64-linux": {
          "outputs": [
            {
              "name": "out",
              "path": "/nix/store/nyis1gj6479d3r6fvn0vw7s83g731h7h-google-cloud-sdk-515.0.0",
              "default": true
            }
          ],
          "store_path": "/nix/store/nyis1gj6479d3r6fvn0vw7s83g731h7h-google-cloud-sdk-515.0.0"
        }
      }
    },
    "kind@0.27.0": {
      "last_modified": "2025-03-23T05:31:05Z",
      "resolved": "github:NixOS/nixpkgs/dd613136ee91f67e5dba3f3f41ac99ae89c5406b#kind",
      "source": "devbox-search",
      "version": "0.27.0",
      "systems": {
        "aarch64-darwin": {
          "outputs": [
            {
              "name": "out",
              "path": "/nix/store/4a41v4iyxw1cbi9jjcqz9sga7ghmfs3x-kind-0.27.0",
              "default": true
            }
          ],
          "store_path": "/nix/store/4a41v4iyxw1cbi9jjcqz9sga7ghmfs3x-kind-0.27.0"
        },
        "aarch64-linux": {
          "outputs": [
            {
              "name": "out",
              "path": "/nix/store/mn4lxpp4ljwmdbxxf2vsir0qynxknmir-kind-0.27.0",
              "default": true
            }
          ],
          "store_path": "/nix/store/mn4lxpp4ljwmdbxxf2vsir0qynxknmir-kind-0.27.0"
        },
        "x86_64-darwin": {
          "outputs": [
            {
              "name": "out",
              "path": "/nix/store/s3q5xzg0hhbi23l424gwm91823qawlhz-kind-0.27.0",
              "default": true
            }
          ],
          "store_path": "/nix/store/s3q5xzg0hhbi23l424gwm91823qawlhz-kind-0.27.0"
        },
        "x86_64-linux": {
          "outputs": [
            {
              "name": "out",
              "path": "/nix/store/dam02bb33zcl468fz2dldiz4r33jli3x-kind-0.27.0",
              "default": true
            }
          ],
          "store_path": "/nix/store/dam02bb33zcl468fz2dldiz4r33jli3x-kind-0.27.0"
        }
      }
    },
    "kubectl@1.32.3": {
      "last_modified": "2025-03-23T05:31:05Z",
      "resolved": "github:NixOS/nixpkgs/dd613136ee91f67e5dba3f3f41ac99ae89c5406b#kubectl",
      "source": "devbox-search",
      "version": "1.32.3",
      "systems": {
        "aarch64-darwin": {
          "outputs": [
            {
              "name": "out",
              "path": "/nix/store/wi5qn5xlirnjzva70km0z5ks6i33hz9j-kubectl-1.32.3",
              "default": true
            },
            {
              "name": "man",
              "path": "/nix/store/aq8zfxz4q27wd3yfvhg195xnhqz0sadv-kubectl-1.32.3-man",
              "default": true
            },
            {
              "name": "convert",
              "path": "/nix/store/syijh55f8qy0ncx0drs4adxzgglx3y43-kubectl-1.32.3-convert"
            }
          ],
          "store_path": "/nix/store/wi5qn5xlirnjzva70km0z5ks6i33hz9j-kubectl-1.32.3"
        },
        "aarch64-linux": {
          "outputs": [
            {
              "name": "out",
              "path": "/nix/store/xxngczzyxq22m1i8pc9a57w16kzir33f-kubectl-1.32.3",
              "default": true
            },
            {
              "name": "man",
              "path": "/nix/store/n547iajzrqypmy89s5j2iyrdjn56fd5v-kubectl-1.32.3-man",
              "default": true
            },
            {
              "name": "convert",
              "path": "/nix/store/0frwvbmd2zxx2n1s7vw15cbdj7iw95js-kubectl-1.32.3-convert"
            }
          ],
          "store_path": "/nix/store/xxngczzyxq22m1i8pc9a57w16kzir33f-kubectl-1.32.3"
        },
        "x86_64-darwin": {
          "outputs": [
            {
              "name": "out",
              "path": "/nix/store/1q5hp8ffvjfx9badhfq0b7vcaz63fphg-kubectl-1.32.3",
              "default": true
            },
            {
              "name": "man",
              "path": "/nix/store/asq72wx432y362wflqhlg1c231g5svzc-kubectl-1.32.3-man",
              "default": true
            },
            {
              "name": "convert",
              "path": "/nix/store/6bqfs8a1sw4jvx9wadd5231fnr9yjdnh-kubectl-1.32.3-convert"
            }
          ],
          "store_path": "/nix/store/1q5hp8ffvjfx9badhfq0b7vcaz63fphg-kubectl-1.32.3"
        },
        "x86_64-linux": {
          "outputs": [
            {
              "name": "out",
              "path": "/nix/store/yaqxnlxynfil1c6lvxfrnmh06yfqarn8-kubectl-1.32.3",
              "default": true
            },
            {
              "name": "man",
              "path": "/nix/store/xdh1fr0b4dnladi7dwa0q2vwf878g9qd-kubectl-1.32.3-man",
              "default": true
            },
            {
              "name": "convert",
              "path": "/nix/store/5x3bhl684w2lmpg7k5dl8rz1408ci32g-kubectl-1.32.3-convert"
            }
          ],
          "store_path": "/nix/store/yaqxnlxynfil1c6lvxfrnmh06yfqarn8-kubectl-1.32.3"
        }
      }
    },
    "kubernetes-helm@3.17.3": {
      "last_modified": "2025-04-10T20:20:34Z",
      "resolved": "github:NixOS/nixpkgs/d19cf9dfc633816a437204555afeb9e722386b76#kubernetes-helm",
      "source": "devbox-search",
      "version": "3.17.3",
      "systems": {
        "aarch64-darwin": {
          "outputs": [
            {
              "name": "out",
              "path": "/nix/store/4dmgpl8ldac8i190r5blsi6f95nb8sb8-kubernetes-helm-3.17.3",
              "default": true
            }
          ],
          "store_path": "/nix/store/4dmgpl8ldac8i190r5blsi6f95nb8sb8-kubernetes-helm-3.17.3"
        },
        "aarch64-linux": {
          "outputs": [
            {
              "name": "out",
              "path": "/nix/store/hzmprxfipk2l3yb6455n849ks4gypl9g-kubernetes-helm-3.17.3",
              "default": true
            }
          ],
          "store_path": "/nix/store/hzmprxfipk2l3yb6455n849ks4gypl9g-kubernetes-helm-3.17.3"
        },
        "x86_64-darwin": {
          "outputs": [
            {
              "name": "out",
              "path": "/nix/store/0nx384vvzwwwbrk5vqvsy1wzcravxn7j-kubernetes-helm-3.17.3",
              "default": true
            }
          ],
          "store_path": "/nix/store/0nx384vvzwwwbrk5vqvsy1wzcravxn7j-kubernetes-helm-3.17.3"
        },
        "x86_64-linux": {
          "outputs": [
            {
              "name": "out",
              "path": "/nix/store/4gz844q6xmiklm4416vzzr4h7sw8ajf9-kubernetes-helm-3.17.3",
              "default": true
            }
          ],
          "store_path": "/nix/store/4gz844q6xmiklm4416vzzr4h7sw8ajf9-kubernetes-helm-3.17.3"
        }
      }
    },
    "nushell@0.103.0": {
      "last_modified": "2025-03-19T14:38:57Z",
      "resolved": "github:NixOS/nixpkgs/2a725d40de138714db4872dc7405d86457aa17ad#nushell",
      "source": "devbox-search",
      "version": "0.103.0",
      "systems": {
        "aarch64-darwin": {
          "outputs": [
            {
              "name": "out",
              "path": "/nix/store/7dcvklmwwvfjzqgak8ziv104lsff0cfv-nushell-0.103.0",
              "default": true
            }
          ],
          "store_path": "/nix/store/7dcvklmwwvfjzqgak8ziv104lsff0cfv-nushell-0.103.0"
        },
        "aarch64-linux": {
          "outputs": [
            {
              "name": "out",
              "path": "/nix/store/5apwqfpy0nkblh6bqvnyg40yhhvvx1y1-nushell-0.103.0",
              "default": true
            }
          ],
          "store_path": "/nix/store/5apwqfpy0nkblh6bqvnyg40yhhvvx1y1-nushell-0.103.0"
        },
        "x86_64-darwin": {
          "outputs": [
            {
              "name": "out",
              "path": "/nix/store/i4w79bzcxqcjv8qjb91s24sa7xwvalq8-nushell-0.103.0",
              "default": true
            }
          ],
          "store_path": "/nix/store/i4w79bzcxqcjv8qjb91s24sa7xwvalq8-nushell-0.103.0"
        },
        "x86_64-linux": {
          "outputs": [
            {
              "name": "out",
              "path": "/nix/store/wp7rmayh32cy2ypr6ya21b7g2dqpcqw2-nushell-0.103.0",
              "default": true
            }
          ],
          "store_path": "/nix/store/wp7rmayh32cy2ypr6ya21b7g2dqpcqw2-nushell-0.103.0"
        }
      }
    },
    "teller@2.0.7": {
      "last_modified": "2025-03-23T05:31:05Z",
      "resolved": "github:NixOS/nixpkgs/dd613136ee91f67e5dba3f3f41ac99ae89c5406b#teller",
      "source": "devbox-search",
      "version": "2.0.7",
      "systems": {
        "aarch64-darwin": {
          "outputs": [
            {
              "name": "out",
              "path": "/nix/store/fy8rjzzg8qg50n7k19qf1wh0v9xciziy-teller-2.0.7",
              "default": true
            }
          ],
          "store_path": "/nix/store/fy8rjzzg8qg50n7k19qf1wh0v9xciziy-teller-2.0.7"
        },
        "aarch64-linux": {
          "outputs": [
            {
              "name": "out",
              "path": "/nix/store/dznh4xq7xipf4l53g3k05smbryhnvbql-teller-2.0.7",
              "default": true
            }
          ],
          "store_path": "/nix/store/dznh4xq7xipf4l53g3k05smbryhnvbql-teller-2.0.7"
        },
        "x86_64-darwin": {
          "outputs": [
            {
              "name": "out",
              "path": "/nix/store/0miws7hizrjf0p7kk7r209d4c4xw66ly-teller-2.0.7",
              "default": true
            }
          ],
          "store_path": "/nix/store/0miws7hizrjf0p7kk7r209d4c4xw66ly-teller-2.0.7"
        },
        "x86_64-linux": {
          "outputs": [
            {
              "name": "out",
              "path": "/nix/store/y43lnw0k3whddczpdnhsjx7m367swlk7-teller-2.0.7",
              "default": true
            }
          ],
          "store_path": "/nix/store/y43lnw0k3whddczpdnhsjx7m367swlk7-teller-2.0.7"
        }
      }
    }
  }
}
